
Microsoft Visual Studio Solution File, Format Version 12.00
# Visual Studio Version 17
VisualStudioVersion = 17.9.34723.18
MinimumVisualStudioVersion = 10.0.40219.1
Project("{9A19103F-16F7-4668-BE54-9A1E7A4F7556}") = "Admin", "Admin\Admin.csproj", "{F92F555E-7BC8-47F9-B096-7B63944763ED}"
EndProject
Project("{FAE04EC0-301F-11D3-BF4B-00C04F79EFBC}") = "Mega Market", "Mega Market\Mega Market.csproj", "{632A42D1-C716-4D43-809C-4E8026E915E0}"
EndProject
Global
	GlobalSection(SolutionConfigurationPlatforms) = preSolution
		Debug|Any CPU = Debug|Any CPU
		Release|Any CPU = Release|Any CPU
	EndGlobalSection
	GlobalSection(ProjectConfigurationPlatforms) = postSolution
		{F92F555E-7BC8-47F9-B096-7B63944763ED}.Debug|Any CPU.ActiveCfg = Debug|Any CPU
		{F92F555E-7BC8-47F9-B096-7B63944763ED}.Debug|Any CPU.Build.0 = Debug|Any CPU
		{F92F555E-7BC8-47F9-B096-7B63944763ED}.Release|Any CPU.ActiveCfg = Release|Any CPU
		{F92F555E-7BC8-47F9-B096-7B63944763ED}.Release|Any CPU.Build.0 = Release|Any CPU
		{632A42D1-C716-4D43-809C-4E8026E915E0}.Debug|Any CPU.ActiveCfg = Debug|Any CPU
		{632A42D1-C716-4D43-809C-4E8026E915E0}.Debug|Any CPU.Build.0 = Debug|Any CPU
		{632A42D1-C716-4D43-809C-4E8026E915E0}.Release|Any CPU.ActiveCfg = Release|Any CPU
		{632A42D1-C716-4D43-809C-4E8026E915E0}.Release|Any CPU.Build.0 = Release|Any CPU
	EndGlobalSection
	GlobalSection(SolutionProperties) = preSolution
		HideSolutionNode = FALSE
	EndGlobalSection
	GlobalSection(ExtensibilityGlobals) = postSolution
		SolutionGuid = {DBE631B8-3BF0-4C61-B8B8-4B50A2EA0291}
	EndGlobalSection
EndGlobal
